
Microsoft Visual Studio Solution File, Format Version 12.00
# Visual Studio Version 16
VisualStudioVersion = 16.0.32413.511
MinimumVisualStudioVersion = 10.0.40219.1
Project("{9A19103F-16F7-4668-BE54-9A1E7A4F7556}") = "AudioLib", "AudioLib.csproj", "{8DC91D48-F905-4EA3-94E8-9FC8FEC4AC68}"
EndProject
Project("{9A19103F-16F7-4668-BE54-9A1E7A4F7556}") = "Test", "Test\Test.csproj", "{DE3D8E92-369A-4610-83D8-0564EE6A0BA0}"
EndProject
Global
	GlobalSection(SolutionConfigurationPlatforms) = preSolution
		Debug|Any CPU = Debug|Any CPU
		Release|Any CPU = Release|Any CPU
	EndGlobalSection
	GlobalSection(ProjectConfigurationPlatforms) = postSolution
		{8DC91D48-F905-4EA3-94E8-9FC8FEC4AC68}.Debug|Any CPU.ActiveCfg = Debug|Any CPU
		{8DC91D48-F905-4EA3-94E8-9FC8FEC4AC68}.Debug|Any CPU.Build.0 = Debug|Any CPU
		{8DC91D48-F905-4EA3-94E8-9FC8FEC4AC68}.Release|Any CPU.ActiveCfg = Release|Any CPU
		{8DC91D48-F905-4EA3-94E8-9FC8FEC4AC68}.Release|Any CPU.Build.0 = Release|Any CPU
		{DE3D8E92-369A-4610-83D8-0564EE6A0BA0}.Debug|Any CPU.ActiveCfg = Debug|Any CPU
		{DE3D8E92-369A-4610-83D8-0564EE6A0BA0}.Debug|Any CPU.Build.0 = Debug|Any CPU
		{DE3D8E92-369A-4610-83D8-0564EE6A0BA0}.Release|Any CPU.ActiveCfg = Release|Any CPU
		{DE3D8E92-369A-4610-83D8-0564EE6A0BA0}.Release|Any CPU.Build.0 = Release|Any CPU
	EndGlobalSection
	GlobalSection(SolutionProperties) = preSolution
		HideSolutionNode = FALSE
	EndGlobalSection
	GlobalSection(ExtensibilityGlobals) = postSolution
		SolutionGuid = {5BD530A9-42FB-48D2-9275-4F93219FF737}
	EndGlobalSection
EndGlobal
